
Microsoft Visual Studio Solution File, Format Version 12.00
# Visual Studio Version 16
VisualStudioVersion = 16.0.30611.23
MinimumVisualStudioVersion = 10.0.40219.1
Project("{9A19103F-16F7-4668-BE54-9A1E7A4F7556}") = "DataAccess", "DataAccess\DataAccess.csproj", "{E0B7E9AD-F49F-4662-B442-E17133DC2FE2}"
EndProject
Project("{9A19103F-16F7-4668-BE54-9A1E7A4F7556}") = "Business", "Business\Business.csproj", "{F544814E-F6E8-425A-87DA-3693D9F8BB4F}"
EndProject
Project("{9A19103F-16F7-4668-BE54-9A1E7A4F7556}") = "Entities", "Entities\Entities.csproj", "{9FC8980D-BB08-4F69-A303-3A7613141C30}"
EndProject
Project("{9A19103F-16F7-4668-BE54-9A1E7A4F7556}") = "ConsoleUI", "ConsoleUI\ConsoleUI.csproj", "{1F757641-1577-459A-914F-712DF36334C0}"
EndProject
Project("{FAE04EC0-301F-11D3-BF4B-00C04F79EFBC}") = "Core", "Core\Core.csproj", "{F74D9B81-F100-4177-ADE5-66C5206C43AE}"
EndProject
Global
	GlobalSection(SolutionConfigurationPlatforms) = preSolution
		Debug|Any CPU = Debug|Any CPU
		Release|Any CPU = Release|Any CPU
	EndGlobalSection
	GlobalSection(ProjectConfigurationPlatforms) = postSolution
		{E0B7E9AD-F49F-4662-B442-E17133DC2FE2}.Debug|Any CPU.ActiveCfg = Debug|Any CPU
		{E0B7E9AD-F49F-4662-B442-E17133DC2FE2}.Debug|Any CPU.Build.0 = Debug|Any CPU
		{E0B7E9AD-F49F-4662-B442-E17133DC2FE2}.Release|Any CPU.ActiveCfg = Release|Any CPU
		{E0B7E9AD-F49F-4662-B442-E17133DC2FE2}.Release|Any CPU.Build.0 = Release|Any CPU
		{F544814E-F6E8-425A-87DA-3693D9F8BB4F}.Debug|Any CPU.ActiveCfg = Debug|Any CPU
		{F544814E-F6E8-425A-87DA-3693D9F8BB4F}.Debug|Any CPU.Build.0 = Debug|Any CPU
		{F544814E-F6E8-425A-87DA-3693D9F8BB4F}.Release|Any CPU.ActiveCfg = Release|Any CPU
		{F544814E-F6E8-425A-87DA-3693D9F8BB4F}.Release|Any CPU.Build.0 = Release|Any CPU
		{9FC8980D-BB08-4F69-A303-3A7613141C30}.Debug|Any CPU.ActiveCfg = Debug|Any CPU
		{9FC8980D-BB08-4F69-A303-3A7613141C30}.Debug|Any CPU.Build.0 = Debug|Any CPU
		{9FC8980D-BB08-4F69-A303-3A7613141C30}.Release|Any CPU.ActiveCfg = Release|Any CPU
		{9FC8980D-BB08-4F69-A303-3A7613141C30}.Release|Any CPU.Build.0 = Release|Any CPU
		{1F757641-1577-459A-914F-712DF36334C0}.Debug|Any CPU.ActiveCfg = Debug|Any CPU
		{1F757641-1577-459A-914F-712DF36334C0}.Debug|Any CPU.Build.0 = Debug|Any CPU
		{1F757641-1577-459A-914F-712DF36334C0}.Release|Any CPU.ActiveCfg = Release|Any CPU
		{1F757641-1577-459A-914F-712DF36334C0}.Release|Any CPU.Build.0 = Release|Any CPU
		{F74D9B81-F100-4177-ADE5-66C5206C43AE}.Debug|Any CPU.ActiveCfg = Debug|Any CPU
		{F74D9B81-F100-4177-ADE5-66C5206C43AE}.Debug|Any CPU.Build.0 = Debug|Any CPU
		{F74D9B81-F100-4177-ADE5-66C5206C43AE}.Release|Any CPU.ActiveCfg = Release|Any CPU
		{F74D9B81-F100-4177-ADE5-66C5206C43AE}.Release|Any CPU.Build.0 = Release|Any CPU
	EndGlobalSection
	GlobalSection(SolutionProperties) = preSolution
		HideSolutionNode = FALSE
	EndGlobalSection
	GlobalSection(ExtensibilityGlobals) = postSolution
		SolutionGuid = {06CA2D72-4CC1-4ACB-B204-87CA8D8F0D9F}
	EndGlobalSection
EndGlobal
